PODS:
  - MBProgressHUD (0.9.2)
  - pop (1.0.12)
  - XHRealTimeBlur (1.7)

DEPENDENCIES:
  - MBProgressHUD (~> 0.9.2)
  - pop
  - XHRealTimeBlur

SPEC REPOS:
  https://github.com/CocoaPods/Specs.git:
    - MBProgressHUD
    - pop
    - XHRealTimeBlur

SPEC CHECKSUMS:
  MBProgressHUD: 1569cf7ace17a8bac47aabfbb8580a49690386d1
  pop: d582054913807fd11fd50bfe6a539d91c7e1a55a
  XHRealTimeBlur: 661fadd5691ba2d349758e8fd5fbdb499ac55f8c

PODFILE CHECKSUM: 7a2ea139c74273ae29711a3ea908b97b500e7252

COCOAPODS: 1.8.4
